
Microsoft Visual Studio Solution File, Format Version 12.00
# Visual Studio Version 17
VisualStudioVersion = 17.14.37502.11
MinimumVisualStudioVersion = 10.0.40219.1
Project("{FAE04EC0-301F-11D3-BF4B-00C04F79EFBC}") = "MisterTicketApi", "MisterTicketApi\MisterTicketApi.csproj", "{46F00BC4-B8B8-492F-F3F4-A86434AF77C1}"
EndProject
Project("{54A90642-561A-4BB1-A94E-469ADEE60C69}") = "Misterticket", "Misterticket\Misterticket.esproj", "{D8B84BB6-9F6D-CAB5-614C-9E05CCF3D524}"
EndProject
Global
	GlobalSection(SolutionConfigurationPlatforms) = preSolution
		Debug|Any CPU = Debug|Any CPU
		Release|Any CPU = Release|Any CPU
	EndGlobalSection
	GlobalSection(ProjectConfigurationPlatforms) = postSolution
		{46F00BC4-B8B8-492F-F3F4-A86434AF77C1}.Debug|Any CPU.ActiveCfg = Debug|Any CPU
		{46F00BC4-B8B8-492F-F3F4-A86434AF77C1}.Debug|Any CPU.Build.0 = Debug|Any CPU
		{46F00BC4-B8B8-492F-F3F4-A86434AF77C1}.Release|Any CPU.ActiveCfg = Release|Any CPU
		{46F00BC4-B8B8-492F-F3F4-A86434AF77C1}.Release|Any CPU.Build.0 = Release|Any CPU
		{D8B84BB6-9F6D-CAB5-614C-9E05CCF3D524}.Debug|Any CPU.ActiveCfg = Debug|Any CPU
		{D8B84BB6-9F6D-CAB5-614C-9E05CCF3D524}.Debug|Any CPU.Build.0 = Debug|Any CPU
		{D8B84BB6-9F6D-CAB5-614C-9E05CCF3D524}.Debug|Any CPU.Deploy.0 = Debug|Any CPU
		{D8B84BB6-9F6D-CAB5-614C-9E05CCF3D524}.Release|Any CPU.ActiveCfg = Release|Any CPU
		{D8B84BB6-9F6D-CAB5-614C-9E05CCF3D524}.Release|Any CPU.Build.0 = Release|Any CPU
		{D8B84BB6-9F6D-CAB5-614C-9E05CCF3D524}.Release|Any CPU.Deploy.0 = Release|Any CPU
	EndGlobalSection
	GlobalSection(SolutionProperties) = preSolution
		HideSolutionNode = FALSE
	EndGlobalSection
	GlobalSection(ExtensibilityGlobals) = postSolution
		SolutionGuid = {12A7C7F5-17E6-47F3-9163-EA7D4D7C88AF}
	EndGlobalSection
EndGlobal
